
Microsoft Visual Studio Solution File, Format Version 12.00
# Visual Studio Version 16
VisualStudioVersion = 16.0.29905.134
MinimumVisualStudioVersion = 10.0.40219.1
Project("{2150E333-8FDC-42A3-9474-1A3956D46DE8}") = "Domain", "Domain", "{87EB113A-4D9C-4C33-8A81-E345425D685A}"
EndProject
Project("{2150E333-8FDC-42A3-9474-1A3956D46DE8}") = "Infro.IoC", "Infro.IoC", "{57EB04C6-7BAE-4DB9-8025-CC49D7A1EDFD}"
EndProject
Project("{2150E333-8FDC-42A3-9474-1A3956D46DE8}") = "Infro.Bus", "Infro.Bus", "{33504207-5036-4FF2-9739-FBF799143C8B}"
EndProject
Project("{2150E333-8FDC-42A3-9474-1A3956D46DE8}") = "Microservices", "Microservices", "{D6DFDE81-C658-4FB7-A6F6-1DB74794868A}"
EndProject
Project("{2150E333-8FDC-42A3-9474-1A3956D46DE8}") = "Presentation", "Presentation", "{AAD77D79-C575-4CD1-941B-6748D72ADD52}"
EndProject
Project("{9A19103F-16F7-4668-BE54-9A1E7A4F7556}") = "MicroRabbitMQ.Domain.Core", "MicroRabbitMQ.Domain.Core\MicroRabbitMQ.Domain.Core.csproj", "{A8733A69-95AA-45A7-95FC-77854532A44B}"
EndProject
Project("{9A19103F-16F7-4668-BE54-9A1E7A4F7556}") = "MicroRabbitMQ.Infra.Bus", "MicroRabbitMQ.Infra.Bus\MicroRabbitMQ.Infra.Bus.csproj", "{277BD4AC-456D-4CC4-B70B-436AA662D8CF}"
EndProject
Project("{9A19103F-16F7-4668-BE54-9A1E7A4F7556}") = "MicroRabbitMQ.Infra.IoC", "MicroRabbitMQ.Infra.IoC\MicroRabbitMQ.Infra.IoC.csproj", "{8388B66F-B33B-49AF-945D-4CDB109C36A6}"
EndProject
Project("{2150E333-8FDC-42A3-9474-1A3956D46DE8}") = "HRM", "HRM", "{B7A1021D-E414-472F-9D4D-5D79531F90D3}"
EndProject
Project("{2150E333-8FDC-42A3-9474-1A3956D46DE8}") = "API", "API", "{B8B433AE-C568-4DDD-9F2E-052AB66DC563}"
EndProject
Project("{2150E333-8FDC-42A3-9474-1A3956D46DE8}") = "Application", "Application", "{C190E08E-5770-4B8D-901D-0037900D5487}"
EndProject
Project("{2150E333-8FDC-42A3-9474-1A3956D46DE8}") = "Data", "Data", "{9FB982BA-FCC2-44E8-8EF0-6B87B2A2A8EF}"
EndProject
Project("{2150E333-8FDC-42A3-9474-1A3956D46DE8}") = "Domain", "Domain", "{6A8E878B-6605-4264-988F-D9A774367A34}"
EndProject
Project("{9A19103F-16F7-4668-BE54-9A1E7A4F7556}") = "MicroRabbitMQ.HRM.API", "MicroRabbitMQ.HRM.API\MicroRabbitMQ.HRM.API.csproj", "{EA77DC43-8285-468E-88E7-F17A1CCBDCD5}"
EndProject
Project("{9A19103F-16F7-4668-BE54-9A1E7A4F7556}") = "MicroRabbitMQ.HRM.Application", "MicroRabbitMQ.HRM.Application\MicroRabbitMQ.HRM.Application.csproj", "{69FDC1DC-38CA-4A49-B206-720121FE2043}"
EndProject
Project("{9A19103F-16F7-4668-BE54-9A1E7A4F7556}") = "MicroRabbitMQ.HRM.Data", "MicroRabbitMQ.HRM.Data\MicroRabbitMQ.HRM.Data.csproj", "{060F4F99-68B1-4000-B279-B7B0A0D5A499}"
EndProject
Project("{9A19103F-16F7-4668-BE54-9A1E7A4F7556}") = "MicroRabbitMQ.HRM.Domain", "MicroRabbitMQ.HRM.Domain\MicroRabbitMQ.HRM.Domain.csproj", "{C3836E0C-252B-4DB3-A2FB-AA545D17D71B}"
EndProject
Project("{2150E333-8FDC-42A3-9474-1A3956D46DE8}") = "Transfer", "Transfer", "{F8AEB021-82F2-4442-84C3-0D9099C8E6C9}"
EndProject
Project("{2150E333-8FDC-42A3-9474-1A3956D46DE8}") = "API", "API", "{9461D097-5958-4317-B2C9-D5CBFB4B42BC}"
EndProject
Project("{2150E333-8FDC-42A3-9474-1A3956D46DE8}") = "Application", "Application", "{A7F12A38-8952-4C02-ADC8-D3DED8439D94}"
EndProject
Project("{2150E333-8FDC-42A3-9474-1A3956D46DE8}") = "Data", "Data", "{873E7360-E46E-4CED-9382-9253051AA218}"
EndProject
Project("{2150E333-8FDC-42A3-9474-1A3956D46DE8}") = "Domain", "Domain", "{7BB6CC0D-61F4-42D4-B2F2-C0501446ACF0}"
EndProject
Project("{FAE04EC0-301F-11D3-BF4B-00C04F79EFBC}") = "MicroRabbitMQ.Transfer.API", "MicroRabbitMQ.Transfer.API\MicroRabbitMQ.Transfer.API.csproj", "{BD65620E-5270-46E4-9C39-93368D30CF12}"
EndProject
Project("{FAE04EC0-301F-11D3-BF4B-00C04F79EFBC}") = "MicroRabbitMQ.Transfer.Application", "MicroRabbitMQ.Transfer.Application\MicroRabbitMQ.Transfer.Application.csproj", "{45A2EEBB-77B5-4F3A-9854-052BEF3224F2}"
EndProject
Project("{FAE04EC0-301F-11D3-BF4B-00C04F79EFBC}") = "MicroRabbitMQ.Transfer.Data", "MicroRabbitMQ.Transfer.Data\MicroRabbitMQ.Transfer.Data.csproj", "{96D36DDF-016E-49C0-8E9B-ED7F132F6B2B}"
EndProject
Project("{FAE04EC0-301F-11D3-BF4B-00C04F79EFBC}") = "MicroRabbitMQ.Transfer.Domain", "MicroRabbitMQ.Transfer.Domain\MicroRabbitMQ.Transfer.Domain.csproj", "{C229F43E-F984-4F5E-9C81-2EFEF8B28416}"
EndProject
Global
	GlobalSection(SolutionConfigurationPlatforms) = preSolution
		Debug|Any CPU = Debug|Any CPU
		Release|Any CPU = Release|Any CPU
	EndGlobalSection
	GlobalSection(ProjectConfigurationPlatforms) = postSolution
		{A8733A69-95AA-45A7-95FC-77854532A44B}.Debug|Any CPU.ActiveCfg = Debug|Any CPU
		{A8733A69-95AA-45A7-95FC-77854532A44B}.Debug|Any CPU.Build.0 = Debug|Any CPU
		{A8733A69-95AA-45A7-95FC-77854532A44B}.Release|Any CPU.ActiveCfg = Release|Any CPU
		{A8733A69-95AA-45A7-95FC-77854532A44B}.Release|Any CPU.Build.0 = Release|Any CPU
		{277BD4AC-456D-4CC4-B70B-436AA662D8CF}.Debug|Any CPU.ActiveCfg = Debug|Any CPU
		{277BD4AC-456D-4CC4-B70B-436AA662D8CF}.Debug|Any CPU.Build.0 = Debug|Any CPU
		{277BD4AC-456D-4CC4-B70B-436AA662D8CF}.Release|Any CPU.ActiveCfg = Release|Any CPU
		{277BD4AC-456D-4CC4-B70B-436AA662D8CF}.Release|Any CPU.Build.0 = Release|Any CPU
		{8388B66F-B33B-49AF-945D-4CDB109C36A6}.Debug|Any CPU.ActiveCfg = Debug|Any CPU
		{8388B66F-B33B-49AF-945D-4CDB109C36A6}.Debug|Any CPU.Build.0 = Debug|Any CPU
		{8388B66F-B33B-49AF-945D-4CDB109C36A6}.Release|Any CPU.ActiveCfg = Release|Any CPU
		{8388B66F-B33B-49AF-945D-4CDB109C36A6}.Release|Any CPU.Build.0 = Release|Any CPU
		{EA77DC43-8285-468E-88E7-F17A1CCBDCD5}.Debug|Any CPU.ActiveCfg = Debug|Any CPU
		{EA77DC43-8285-468E-88E7-F17A1CCBDCD5}.Debug|Any CPU.Build.0 = Debug|Any CPU
		{EA77DC43-8285-468E-88E7-F17A1CCBDCD5}.Release|Any CPU.ActiveCfg = Release|Any CPU
		{EA77DC43-8285-468E-88E7-F17A1CCBDCD5}.Release|Any CPU.Build.0 = Release|Any CPU
		{69FDC1DC-38CA-4A49-B206-720121FE2043}.Debug|Any CPU.ActiveCfg = Debug|Any CPU
		{69FDC1DC-38CA-4A49-B206-720121FE2043}.Debug|Any CPU.Build.0 = Debug|Any CPU
		{69FDC1DC-38CA-4A49-B206-720121FE2043}.Release|Any CPU.ActiveCfg = Release|Any CPU
		{69FDC1DC-38CA-4A49-B206-720121FE2043}.Release|Any CPU.Build.0 = Release|Any CPU
		{060F4F99-68B1-4000-B279-B7B0A0D5A499}.Debug|Any CPU.ActiveCfg = Debug|Any CPU
		{060F4F99-68B1-4000-B279-B7B0A0D5A499}.Debug|Any CPU.Build.0 = Debug|Any CPU
		{060F4F99-68B1-4000-B279-B7B0A0D5A499}.Release|Any CPU.ActiveCfg = Release|Any CPU
		{060F4F99-68B1-4000-B279-B7B0A0D5A499}.Release|Any CPU.Build.0 = Release|Any CPU
		{C3836E0C-252B-4DB3-A2FB-AA545D17D71B}.Debug|Any CPU.ActiveCfg = Debug|Any CPU
		{C3836E0C-252B-4DB3-A2FB-AA545D17D71B}.Debug|Any CPU.Build.0 = Debug|Any CPU
		{C3836E0C-252B-4DB3-A2FB-AA545D17D71B}.Release|Any CPU.ActiveCfg = Release|Any CPU
		{C3836E0C-252B-4DB3-A2FB-AA545D17D71B}.Release|Any CPU.Build.0 = Release|Any CPU
		{BD65620E-5270-46E4-9C39-93368D30CF12}.Debug|Any CPU.ActiveCfg = Debug|Any CPU
		{BD65620E-5270-46E4-9C39-93368D30CF12}.Debug|Any CPU.Build.0 = Debug|Any CPU
		{BD65620E-5270-46E4-9C39-93368D30CF12}.Release|Any CPU.ActiveCfg = Release|Any CPU
		{BD65620E-5270-46E4-9C39-93368D30CF12}.Release|Any CPU.Build.0 = Release|Any CPU
		{45A2EEBB-77B5-4F3A-9854-052BEF3224F2}.Debug|Any CPU.ActiveCfg = Debug|Any CPU
		{45A2EEBB-77B5-4F3A-9854-052BEF3224F2}.Debug|Any CPU.Build.0 = Debug|Any CPU
		{45A2EEBB-77B5-4F3A-9854-052BEF3224F2}.Release|Any CPU.ActiveCfg = Release|Any CPU
		{45A2EEBB-77B5-4F3A-9854-052BEF3224F2}.Release|Any CPU.Build.0 = Release|Any CPU
		{96D36DDF-016E-49C0-8E9B-ED7F132F6B2B}.Debug|Any CPU.ActiveCfg = Debug|Any CPU
		{96D36DDF-016E-49C0-8E9B-ED7F132F6B2B}.Debug|Any CPU.Build.0 = Debug|Any CPU
		{96D36DDF-016E-49C0-8E9B-ED7F132F6B2B}.Release|Any CPU.ActiveCfg = Release|Any CPU
		{96D36DDF-016E-49C0-8E9B-ED7F132F6B2B}.Release|Any CPU.Build.0 = Release|Any CPU
		{C229F43E-F984-4F5E-9C81-2EFEF8B28416}.Debug|Any CPU.ActiveCfg = Debug|Any CPU
		{C229F43E-F984-4F5E-9C81-2EFEF8B28416}.Debug|Any CPU.Build.0 = Debug|Any CPU
		{C229F43E-F984-4F5E-9C81-2EFEF8B28416}.Release|Any CPU.ActiveCfg = Release|Any CPU
		{C229F43E-F984-4F5E-9C81-2EFEF8B28416}.Release|Any CPU.Build.0 = Release|Any CPU
	EndGlobalSection
	GlobalSection(SolutionProperties) = preSolution
		HideSolutionNode = FALSE
	EndGlobalSection
	GlobalSection(NestedProjects) = preSolution
		{A8733A69-95AA-45A7-95FC-77854532A44B} = {87EB113A-4D9C-4C33-8A81-E345425D685A}
		{277BD4AC-456D-4CC4-B70B-436AA662D8CF} = {33504207-5036-4FF2-9739-FBF799143C8B}
		{8388B66F-B33B-49AF-945D-4CDB109C36A6} = {57EB04C6-7BAE-4DB9-8025-CC49D7A1EDFD}
		{B7A1021D-E414-472F-9D4D-5D79531F90D3} = {D6DFDE81-C658-4FB7-A6F6-1DB74794868A}
		{B8B433AE-C568-4DDD-9F2E-052AB66DC563} = {B7A1021D-E414-472F-9D4D-5D79531F90D3}
		{C190E08E-5770-4B8D-901D-0037900D5487} = {B7A1021D-E414-472F-9D4D-5D79531F90D3}
		{9FB982BA-FCC2-44E8-8EF0-6B87B2A2A8EF} = {B7A1021D-E414-472F-9D4D-5D79531F90D3}
		{6A8E878B-6605-4264-988F-D9A774367A34} = {B7A1021D-E414-472F-9D4D-5D79531F90D3}
		{EA77DC43-8285-468E-88E7-F17A1CCBDCD5} = {B8B433AE-C568-4DDD-9F2E-052AB66DC563}
		{69FDC1DC-38CA-4A49-B206-720121FE2043} = {C190E08E-5770-4B8D-901D-0037900D5487}
		{060F4F99-68B1-4000-B279-B7B0A0D5A499} = {9FB982BA-FCC2-44E8-8EF0-6B87B2A2A8EF}
		{C3836E0C-252B-4DB3-A2FB-AA545D17D71B} = {6A8E878B-6605-4264-988F-D9A774367A34}
		{F8AEB021-82F2-4442-84C3-0D9099C8E6C9} = {D6DFDE81-C658-4FB7-A6F6-1DB74794868A}
		{9461D097-5958-4317-B2C9-D5CBFB4B42BC} = {F8AEB021-82F2-4442-84C3-0D9099C8E6C9}
		{A7F12A38-8952-4C02-ADC8-D3DED8439D94} = {F8AEB021-82F2-4442-84C3-0D9099C8E6C9}
		{873E7360-E46E-4CED-9382-9253051AA218} = {F8AEB021-82F2-4442-84C3-0D9099C8E6C9}
		{7BB6CC0D-61F4-42D4-B2F2-C0501446ACF0} = {F8AEB021-82F2-4442-84C3-0D9099C8E6C9}
		{BD65620E-5270-46E4-9C39-93368D30CF12} = {9461D097-5958-4317-B2C9-D5CBFB4B42BC}
		{45A2EEBB-77B5-4F3A-9854-052BEF3224F2} = {A7F12A38-8952-4C02-ADC8-D3DED8439D94}
		{96D36DDF-016E-49C0-8E9B-ED7F132F6B2B} = {873E7360-E46E-4CED-9382-9253051AA218}
		{C229F43E-F984-4F5E-9C81-2EFEF8B28416} = {7BB6CC0D-61F4-42D4-B2F2-C0501446ACF0}
	EndGlobalSection
	GlobalSection(ExtensibilityGlobals) = postSolution
		SolutionGuid = {8A3824C3-FD87-4816-ABC4-08F64750E029}
	EndGlobalSection
EndGlobal
