
Microsoft Visual Studio Solution File, Format Version 12.00
# Visual Studio Version 16
VisualStudioVersion = 16.0.29905.134
MinimumVisualStudioVersion = 10.0.40219.1
Project("{2150E333-8FDC-42A3-9474-1A3956D46DE8}") = "Domain", "Domain", "{87EB113A-4D9C-4C33-8A81-E345425D685A}"
EndProject
Project("{2150E333-8FDC-42A3-9474-1A3956D46DE8}") = "Infro.IoC", "Infro.IoC", "{57EB04C6-7BAE-4DB9-8025-CC49D7A1EDFD}"
EndProject
Project("{2150E333-8FDC-42A3-9474-1A3956D46DE8}") = "Infro.Bus", "Infro.Bus", "{33504207-5036-4FF2-9739-FBF799143C8B}"
EndProject
Project("{2150E333-8FDC-42A3-9474-1A3956D46DE8}") = "Microservices", "Microservices", "{D6DFDE81-C658-4FB7-A6F6-1DB74794868A}"
EndProject
Project("{2150E333-8FDC-42A3-9474-1A3956D46DE8}") = "Presentation", "Presentation", "{AAD77D79-C575-4CD1-941B-6748D72ADD52}"
EndProject
Project("{FAE04EC0-301F-11D3-BF4B-00C04F79EFBC}") = "MicroRabbitMQ.Domain.Core", "MicroRabbitMQ.Domain.Core\MicroRabbitMQ.Domain.Core.csproj", "{A8733A69-95AA-45A7-95FC-77854532A44B}"
EndProject
Project("{FAE04EC0-301F-11D3-BF4B-00C04F79EFBC}") = "MicroRabbitMQ.Infra.Bus", "MicroRabbitMQ.Infra.Bus\MicroRabbitMQ.Infra.Bus.csproj", "{277BD4AC-456D-4CC4-B70B-436AA662D8CF}"
EndProject
Project("{FAE04EC0-301F-11D3-BF4B-00C04F79EFBC}") = "MicroRabbitMQ.Infra.IoC", "MicroRabbitMQ.Infra.IoC\MicroRabbitMQ.Infra.IoC.csproj", "{8388B66F-B33B-49AF-945D-4CDB109C36A6}"
EndProject
Global
	GlobalSection(SolutionConfigurationPlatforms) = preSolution
		Debug|Any CPU = Debug|Any CPU
		Release|Any CPU = Release|Any CPU
	EndGlobalSection
	GlobalSection(ProjectConfigurationPlatforms) = postSolution
		{A8733A69-95AA-45A7-95FC-77854532A44B}.Debug|Any CPU.ActiveCfg = Debug|Any CPU
		{A8733A69-95AA-45A7-95FC-77854532A44B}.Debug|Any CPU.Build.0 = Debug|Any CPU
		{A8733A69-95AA-45A7-95FC-77854532A44B}.Release|Any CPU.ActiveCfg = Release|Any CPU
		{A8733A69-95AA-45A7-95FC-77854532A44B}.Release|Any CPU.Build.0 = Release|Any CPU
		{277BD4AC-456D-4CC4-B70B-436AA662D8CF}.Debug|Any CPU.ActiveCfg = Debug|Any CPU
		{277BD4AC-456D-4CC4-B70B-436AA662D8CF}.Debug|Any CPU.Build.0 = Debug|Any CPU
		{277BD4AC-456D-4CC4-B70B-436AA662D8CF}.Release|Any CPU.ActiveCfg = Release|Any CPU
		{277BD4AC-456D-4CC4-B70B-436AA662D8CF}.Release|Any CPU.Build.0 = Release|Any CPU
		{8388B66F-B33B-49AF-945D-4CDB109C36A6}.Debug|Any CPU.ActiveCfg = Debug|Any CPU
		{8388B66F-B33B-49AF-945D-4CDB109C36A6}.Debug|Any CPU.Build.0 = Debug|Any CPU
		{8388B66F-B33B-49AF-945D-4CDB109C36A6}.Release|Any CPU.ActiveCfg = Release|Any CPU
		{8388B66F-B33B-49AF-945D-4CDB109C36A6}.Release|Any CPU.Build.0 = Release|Any CPU
	EndGlobalSection
	GlobalSection(SolutionProperties) = preSolution
		HideSolutionNode = FALSE
	EndGlobalSection
	GlobalSection(NestedProjects) = preSolution
		{A8733A69-95AA-45A7-95FC-77854532A44B} = {87EB113A-4D9C-4C33-8A81-E345425D685A}
		{277BD4AC-456D-4CC4-B70B-436AA662D8CF} = {33504207-5036-4FF2-9739-FBF799143C8B}
		{8388B66F-B33B-49AF-945D-4CDB109C36A6} = {57EB04C6-7BAE-4DB9-8025-CC49D7A1EDFD}
	EndGlobalSection
	GlobalSection(ExtensibilityGlobals) = postSolution
		SolutionGuid = {8A3824C3-FD87-4816-ABC4-08F64750E029}
	EndGlobalSection
EndGlobal
